<?xml version="1.0" encoding="utf-8"?>
<Project ToolsVersion="4.0" xmlns="http://schemas.microsoft.com/developer/msbuild/2003">
  <ItemGroup>
    <Filter Include="Header Files">
      <UniqueIdentifier>{93995380-89BD-4b04-88EB-625FBE52EBFB}</UniqueIdentifier>
      <Extensions>h;hh;hpp;hxx;hm;inl;inc;xsd</Extensions>
    </Filter>
    <Filter Include="Resource Files">
      <UniqueIdentifier>{67DA6AB6-F800-4c08-8B7A-83BB121AAD01}</UniqueIdentifier>
      <Extensions>rc;ico;cur;bmp;dlg;rc2;rct;bin;rgs;gif;jpg;jpeg;jpe;resx;tiff;tif;png;wav;mfcribbon-ms</Extensions>
    </Filter>
    <Filter Include="Source Files">
      <UniqueIdentifier>{4FC737F1-C7A5-4376-A066-2A32D752A2FF}</UniqueIdentifier>
      <Extensions>cpp;c;cc;cxx;def;odl;idl;hpj;bat;asm;asmx</Extensions>
    </Filter>
    <Filter Include="Source Files\Tile bodies">
      <UniqueIdentifier>{e0a88e09-7b53-4947-987a-cd3925c6f5c8}</UniqueIdentifier>
    </Filter>
    <Filter Include="Source Files\Tiles">
      <UniqueIdentifier>{31c08d9d-5126-453b-a374-0040bb39a6b5}</UniqueIdentifier>
    </Filter>
    <Filter Include="Header Files\Tiles">
      <UniqueIdentifier>{82e1cc9b-bc2a-42fe-b5bf-b2f95590aff8}</UniqueIdentifier>
    </Filter>
    <Filter Include="Header Files\Tile Bodies">
      <UniqueIdentifier>{866c249e-6cf9-476a-bc3d-e73f9cdda2d2}</UniqueIdentifier>
    </Filter>
    <Filter Include="Header Files\Agent">
      <UniqueIdentifier>{6dfa3bb9-1153-4ef5-bbd6-449c9114fb15}</UniqueIdentifier>
    </Filter>
    <Filter Include="Header Files\Lua Elements">
      <UniqueIdentifier>{5d90550c-0173-4f24-9824-1db63a67a491}</UniqueIdentifier>
    </Filter>
    <Filter Include="Source Files\Agent">
      <UniqueIdentifier>{fa24e043-718a-4766-9e52-9530c5acc88c}</UniqueIdentifier>
    </Filter>
    <Filter Include="Lua">
      <UniqueIdentifier>{40bc91da-6694-4b13-9f98-c5d5b7a03528}</UniqueIdentifier>
    </Filter>
    <Filter Include="Header Files\Application">
      <UniqueIdentifier>{d9569a8b-d393-4e21-950a-e9e13ff18b9c}</UniqueIdentifier>
    </Filter>
    <Filter Include="Source Files\Application">
      <UniqueIdentifier>{b2e59114-4a00-40aa-9fb8-df257349d99e}</UniqueIdentifier>
    </Filter>
    <Filter Include="Header Files\World generation">
      <UniqueIdentifier>{4b968924-6382-4415-b74e-bd7b15e54808}</UniqueIdentifier>
    </Filter>
    <Filter Include="Source Files\World generation">
      <UniqueIdentifier>{e4345286-bd95-4bc7-afc2-7bf071aa1082}</UniqueIdentifier>
    </Filter>
    <Filter Include="Source Files\Lua elements">
      <UniqueIdentifier>{3d5625b3-5e6c-41f0-84e4-bdf2cb162066}</UniqueIdentifier>
    </Filter>
  </ItemGroup>
  <ItemGroup>
    <ClCompile Include="main.cpp">
      <Filter>Source Files</Filter>
    </ClCompile>
    <ClCompile Include="world.cpp">
      <Filter>Source Files</Filter>
    </ClCompile>
    <ClCompile Include="globals.cpp">
      <Filter>Source Files</Filter>
    </ClCompile>
    <ClCompile Include="userData.cpp">
      <Filter>Source Files</Filter>
    </ClCompile>
    <ClCompile Include="inventory.cpp">
      <Filter>Source Files</Filter>
    </ClCompile>
    <ClCompile Include="inventoryItem.cpp">
      <Filter>Source Files</Filter>
    </ClCompile>
    <ClCompile Include="projectile.cpp">
      <Filter>Source Files</Filter>
    </ClCompile>
    <ClCompile Include="lightSystem.cpp">
      <Filter>Source Files</Filter>
    </ClCompile>
    <ClCompile Include="Lua\lapi.c">
      <Filter>Lua</Filter>
    </ClCompile>
    <ClCompile Include="Lua\lauxlib.c">
      <Filter>Lua</Filter>
    </ClCompile>
    <ClCompile Include="Lua\lbaselib.c">
      <Filter>Lua</Filter>
    </ClCompile>
    <ClCompile Include="Lua\lbitlib.c">
      <Filter>Lua</Filter>
    </ClCompile>
    <ClCompile Include="Lua\lcode.c">
      <Filter>Lua</Filter>
    </ClCompile>
    <ClCompile Include="Lua\lcorolib.c">
      <Filter>Lua</Filter>
    </ClCompile>
    <ClCompile Include="Lua\lctype.c">
      <Filter>Lua</Filter>
    </ClCompile>
    <ClCompile Include="Lua\ldblib.c">
      <Filter>Lua</Filter>
    </ClCompile>
    <ClCompile Include="Lua\ldebug.c">
      <Filter>Lua</Filter>
    </ClCompile>
    <ClCompile Include="Lua\ldo.c">
      <Filter>Lua</Filter>
    </ClCompile>
    <ClCompile Include="Lua\ldump.c">
      <Filter>Lua</Filter>
    </ClCompile>
    <ClCompile Include="Lua\lfunc.c">
      <Filter>Lua</Filter>
    </ClCompile>
    <ClCompile Include="Lua\lgc.c">
      <Filter>Lua</Filter>
    </ClCompile>
    <ClCompile Include="Lua\linit.c">
      <Filter>Lua</Filter>
    </ClCompile>
    <ClCompile Include="Lua\liolib.c">
      <Filter>Lua</Filter>
    </ClCompile>
    <ClCompile Include="Lua\llex.c">
      <Filter>Lua</Filter>
    </ClCompile>
    <ClCompile Include="Lua\lmathlib.c">
      <Filter>Lua</Filter>
    </ClCompile>
    <ClCompile Include="Lua\lmem.c">
      <Filter>Lua</Filter>
    </ClCompile>
    <ClCompile Include="Lua\loadlib.c">
      <Filter>Lua</Filter>
    </ClCompile>
    <ClCompile Include="Lua\lobject.c">
      <Filter>Lua</Filter>
    </ClCompile>
    <ClCompile Include="Lua\lopcodes.c">
      <Filter>Lua</Filter>
    </ClCompile>
    <ClCompile Include="Lua\loslib.c">
      <Filter>Lua</Filter>
    </ClCompile>
    <ClCompile Include="Lua\lparser.c">
      <Filter>Lua</Filter>
    </ClCompile>
    <ClCompile Include="Lua\lstate.c">
      <Filter>Lua</Filter>
    </ClCompile>
    <ClCompile Include="Lua\lstring.c">
      <Filter>Lua</Filter>
    </ClCompile>
    <ClCompile Include="Lua\lstrlib.c">
      <Filter>Lua</Filter>
    </ClCompile>
    <ClCompile Include="Lua\ltable.c">
      <Filter>Lua</Filter>
    </ClCompile>
    <ClCompile Include="Lua\ltablib.c">
      <Filter>Lua</Filter>
    </ClCompile>
    <ClCompile Include="Lua\ltm.c">
      <Filter>Lua</Filter>
    </ClCompile>
    <ClCompile Include="Lua\lundump.c">
      <Filter>Lua</Filter>
    </ClCompile>
    <ClCompile Include="Lua\lutf8lib.c">
      <Filter>Lua</Filter>
    </ClCompile>
    <ClCompile Include="Lua\lvm.c">
      <Filter>Lua</Filter>
    </ClCompile>
    <ClCompile Include="Lua\lzio.c">
      <Filter>Lua</Filter>
    </ClCompile>
    <ClCompile Include="material.cpp">
      <Filter>Source Files</Filter>
    </ClCompile>
    <ClCompile Include="definition.cpp">
      <Filter>Source Files</Filter>
    </ClCompile>
    <ClCompile Include="itemDefinition.cpp">
      <Filter>Source Files</Filter>
    </ClCompile>
    <ClCompile Include="particleEmitter.cpp">
      <Filter>Source Files</Filter>
    </ClCompile>
    <ClCompile Include="GUI.cpp">
      <Filter>Source Files</Filter>
    </ClCompile>
    <ClCompile Include="timer.cpp">
      <Filter>Source Files</Filter>
    </ClCompile>
    <ClCompile Include="materialMod.cpp">
      <Filter>Source Files</Filter>
    </ClCompile>
    <ClCompile Include="materialModInstance.cpp">
      <Filter>Source Files</Filter>
    </ClCompile>
    <ClCompile Include="jsoncpp\jsoncpp.cpp">
      <Filter>Source Files</Filter>
    </ClCompile>
    <ClCompile Include="tileBatch.cpp">
      <Filter>Source Files\Tile bodies</Filter>
    </ClCompile>
    <ClCompile Include="tileSlope.cpp">
      <Filter>Source Files\Tile bodies</Filter>
    </ClCompile>
    <ClCompile Include="tile.cpp">
      <Filter>Source Files\Tiles</Filter>
    </ClCompile>
    <ClCompile Include="largeTileBody.cpp">
      <Filter>Source Files\Tile bodies</Filter>
    </ClCompile>
    <ClCompile Include="platform.cpp">
      <Filter>Source Files\Tile bodies</Filter>
    </ClCompile>
    <ClCompile Include="tileSpike.cpp">
      <Filter>Source Files\Tile bodies</Filter>
    </ClCompile>
    <ClCompile Include="damageLabel.cpp">
      <Filter>Source Files</Filter>
    </ClCompile>
    <ClCompile Include="effect.cpp">
      <Filter>Source Files\Lua elements</Filter>
    </ClCompile>
    <ClCompile Include="agent.cpp">
      <Filter>Source Files\Agent</Filter>
    </ClCompile>
    <ClCompile Include="entity.cpp">
      <Filter>Source Files\Agent</Filter>
    </ClCompile>
    <ClCompile Include="NPC.cpp">
      <Filter>Source Files\Agent</Filter>
    </ClCompile>
    <ClCompile Include="player.cpp">
      <Filter>Source Files\Agent</Filter>
    </ClCompile>
    <ClCompile Include="skeleton.cpp">
      <Filter>Source Files\Agent</Filter>
    </ClCompile>
    <ClCompile Include="heldItem.cpp">
      <Filter>Source Files\Agent</Filter>
    </ClCompile>
    <ClCompile Include="event.cpp">
      <Filter>Source Files\Lua elements</Filter>
    </ClCompile>
    <ClCompile Include="luaHandler.cpp">
      <Filter>Source Files\Lua elements</Filter>
    </ClCompile>
    <ClCompile Include="particle.cpp">
      <Filter>Source Files\Lua elements</Filter>
    </ClCompile>
    <ClCompile Include="placableItem.cpp">
      <Filter>Source Files</Filter>
    </ClCompile>
    <ClCompile Include="usableItem.cpp">
      <Filter>Source Files</Filter>
    </ClCompile>
    <ClCompile Include="gameplayScreen.cpp">
      <Filter>Source Files\Application</Filter>
    </ClCompile>
    <ClCompile Include="app.cpp">
      <Filter>Source Files\Application</Filter>
    </ClCompile>
    <ClCompile Include="regularTile.cpp">
      <Filter>Source Files\Tiles</Filter>
    </ClCompile>
    <ClCompile Include="childTile.cpp">
      <Filter>Source Files\Tiles</Filter>
    </ClCompile>
    <ClCompile Include="worldGenerator.cpp">
      <Filter>Source Files\World generation</Filter>
    </ClCompile>
    <ClCompile Include="generationAsset.cpp">
      <Filter>Source Files\World generation</Filter>
    </ClCompile>
    <ClCompile Include="groundMaterial.cpp">
      <Filter>Source Files\World generation</Filter>
    </ClCompile>
    <ClCompile Include="filling.cpp">
      <Filter>Source Files\World generation</Filter>
    </ClCompile>
    <ClCompile Include="top.cpp">
      <Filter>Source Files\World generation</Filter>
    </ClCompile>
    <ClCompile Include="cave.cpp">
      <Filter>Source Files\World generation</Filter>
    </ClCompile>
    <ClCompile Include="spot.cpp">
      <Filter>Source Files\World generation</Filter>
    </ClCompile>
    <ClCompile Include="perlinNoise.cpp">
      <Filter>Source Files\World generation</Filter>
    </ClCompile>
    <ClCompile Include="worldTemplate.cpp">
      <Filter>Source Files\World generation</Filter>
    </ClCompile>
    <ClCompile Include="tileTemplate.cpp">
      <Filter>Source Files\World generation</Filter>
    </ClCompile>
    <ClCompile Include="body.cpp">
      <Filter>Source Files</Filter>
    </ClCompile>
    <ClCompile Include="fatherTile.cpp">
      <Filter>Source Files\Tiles</Filter>
    </ClCompile>
  </ItemGroup>
  <ItemGroup>
    <ClInclude Include="world.h">
      <Filter>Header Files</Filter>
    </ClInclude>
    <ClInclude Include="globals.h">
      <Filter>Header Files</Filter>
    </ClInclude>
    <ClInclude Include="contactListener.h">
      <Filter>Header Files</Filter>
    </ClInclude>
    <ClInclude Include="userData.h">
      <Filter>Header Files</Filter>
    </ClInclude>
    <ClInclude Include="inventory.h">
      <Filter>Header Files</Filter>
    </ClInclude>
    <ClInclude Include="inventoryItem.h">
      <Filter>Header Files</Filter>
    </ClInclude>
    <ClInclude Include="projectile.h">
      <Filter>Header Files</Filter>
    </ClInclude>
    <ClInclude Include="lightSystem.h">
      <Filter>Header Files</Filter>
    </ClInclude>
    <ClInclude Include="Lua\lapi.h">
      <Filter>Lua</Filter>
    </ClInclude>
    <ClInclude Include="Lua\lauxlib.h">
      <Filter>Lua</Filter>
    </ClInclude>
    <ClInclude Include="Lua\lcode.h">
      <Filter>Lua</Filter>
    </ClInclude>
    <ClInclude Include="Lua\lctype.h">
      <Filter>Lua</Filter>
    </ClInclude>
    <ClInclude Include="Lua\ldebug.h">
      <Filter>Lua</Filter>
    </ClInclude>
    <ClInclude Include="Lua\ldo.h">
      <Filter>Lua</Filter>
    </ClInclude>
    <ClInclude Include="Lua\lfunc.h">
      <Filter>Lua</Filter>
    </ClInclude>
    <ClInclude Include="Lua\lgc.h">
      <Filter>Lua</Filter>
    </ClInclude>
    <ClInclude Include="Lua\llex.h">
      <Filter>Lua</Filter>
    </ClInclude>
    <ClInclude Include="Lua\llimits.h">
      <Filter>Lua</Filter>
    </ClInclude>
    <ClInclude Include="Lua\lmem.h">
      <Filter>Lua</Filter>
    </ClInclude>
    <ClInclude Include="Lua\lobject.h">
      <Filter>Lua</Filter>
    </ClInclude>
    <ClInclude Include="Lua\lopcodes.h">
      <Filter>Lua</Filter>
    </ClInclude>
    <ClInclude Include="Lua\lparser.h">
      <Filter>Lua</Filter>
    </ClInclude>
    <ClInclude Include="Lua\lprefix.h">
      <Filter>Lua</Filter>
    </ClInclude>
    <ClInclude Include="Lua\lstate.h">
      <Filter>Lua</Filter>
    </ClInclude>
    <ClInclude Include="Lua\lstring.h">
      <Filter>Lua</Filter>
    </ClInclude>
    <ClInclude Include="Lua\ltable.h">
      <Filter>Lua</Filter>
    </ClInclude>
    <ClInclude Include="Lua\ltm.h">
      <Filter>Lua</Filter>
    </ClInclude>
    <ClInclude Include="Lua\lua.h">
      <Filter>Lua</Filter>
    </ClInclude>
    <ClInclude Include="Lua\lua.hpp">
      <Filter>Lua</Filter>
    </ClInclude>
    <ClInclude Include="Lua\luaconf.h">
      <Filter>Lua</Filter>
    </ClInclude>
    <ClInclude Include="Lua\lualib.h">
      <Filter>Lua</Filter>
    </ClInclude>
    <ClInclude Include="Lua\lundump.h">
      <Filter>Lua</Filter>
    </ClInclude>
    <ClInclude Include="Lua\lvm.h">
      <Filter>Lua</Filter>
    </ClInclude>
    <ClInclude Include="Lua\lzio.h">
      <Filter>Lua</Filter>
    </ClInclude>
    <ClInclude Include="material.h">
      <Filter>Header Files</Filter>
    </ClInclude>
    <ClInclude Include="definition.h">
      <Filter>Header Files</Filter>
    </ClInclude>
    <ClInclude Include="itemDefinition.h">
      <Filter>Header Files</Filter>
    </ClInclude>
    <ClInclude Include="particleEmitter.h">
      <Filter>Header Files</Filter>
    </ClInclude>
    <ClInclude Include="GUI.h">
      <Filter>Header Files</Filter>
    </ClInclude>
    <ClInclude Include="timer.h">
      <Filter>Header Files</Filter>
    </ClInclude>
    <ClInclude Include="materialMod.h">
      <Filter>Header Files</Filter>
    </ClInclude>
    <ClInclude Include="materialModInstance.h">
      <Filter>Header Files</Filter>
    </ClInclude>
    <ClInclude Include="tileHitbox.h">
      <Filter>Header Files\Tile Bodies</Filter>
    </ClInclude>
    <ClInclude Include="tileBatch.h">
      <Filter>Header Files\Tile Bodies</Filter>
    </ClInclude>
    <ClInclude Include="tileSlope.h">
      <Filter>Header Files\Tile Bodies</Filter>
    </ClInclude>
    <ClInclude Include="tile.h">
      <Filter>Header Files\Tiles</Filter>
    </ClInclude>
    <ClInclude Include="largeTileBody.h">
      <Filter>Header Files\Tile Bodies</Filter>
    </ClInclude>
    <ClInclude Include="platform.h">
      <Filter>Header Files\Tile Bodies</Filter>
    </ClInclude>
    <ClInclude Include="tileSpike.h">
      <Filter>Header Files\Tile Bodies</Filter>
    </ClInclude>
    <ClInclude Include="damageLabel.h">
      <Filter>Header Files</Filter>
    </ClInclude>
    <ClInclude Include="agent.h">
      <Filter>Header Files\Agent</Filter>
    </ClInclude>
    <ClInclude Include="entity.h">
      <Filter>Header Files\Agent</Filter>
    </ClInclude>
    <ClInclude Include="player.h">
      <Filter>Header Files\Agent</Filter>
    </ClInclude>
    <ClInclude Include="NPC.h">
      <Filter>Header Files\Agent</Filter>
    </ClInclude>
    <ClInclude Include="heldItem.h">
      <Filter>Header Files\Agent</Filter>
    </ClInclude>
    <ClInclude Include="skeleton.h">
      <Filter>Header Files\Agent</Filter>
    </ClInclude>
    <ClInclude Include="effect.h">
      <Filter>Header Files\Lua Elements</Filter>
    </ClInclude>
    <ClInclude Include="event.h">
      <Filter>Header Files\Lua Elements</Filter>
    </ClInclude>
    <ClInclude Include="luaHandler.h">
      <Filter>Header Files\Lua Elements</Filter>
    </ClInclude>
    <ClInclude Include="particle.h">
      <Filter>Header Files\Lua Elements</Filter>
    </ClInclude>
    <ClInclude Include="placableItem.h">
      <Filter>Header Files</Filter>
    </ClInclude>
    <ClInclude Include="usableItem.h">
      <Filter>Header Files</Filter>
    </ClInclude>
    <ClInclude Include="app.h">
      <Filter>Header Files\Application</Filter>
    </ClInclude>
    <ClInclude Include="gameplayScreen.h">
      <Filter>Header Files\Application</Filter>
    </ClInclude>
    <ClInclude Include="regularTile.h">
      <Filter>Header Files\Tiles</Filter>
    </ClInclude>
    <ClInclude Include="childTile.h">
      <Filter>Header Files\Tiles</Filter>
    </ClInclude>
    <ClInclude Include="worldGenerator.h">
      <Filter>Header Files\World generation</Filter>
    </ClInclude>
    <ClInclude Include="generationAsset.h">
      <Filter>Header Files\World generation</Filter>
    </ClInclude>
    <ClInclude Include="groundMaterial.h">
      <Filter>Header Files\World generation</Filter>
    </ClInclude>
    <ClInclude Include="filling.h">
      <Filter>Header Files\World generation</Filter>
    </ClInclude>
    <ClInclude Include="top.h">
      <Filter>Header Files\World generation</Filter>
    </ClInclude>
    <ClInclude Include="cave.h">
      <Filter>Header Files\World generation</Filter>
    </ClInclude>
    <ClInclude Include="spot.h">
      <Filter>Header Files\World generation</Filter>
    </ClInclude>
    <ClInclude Include="perlinNoise.h">
      <Filter>Header Files\World generation</Filter>
    </ClInclude>
    <ClInclude Include="resource.h">
      <Filter>Header Files</Filter>
    </ClInclude>
    <ClInclude Include="bodyTemplate.h">
      <Filter>Header Files</Filter>
    </ClInclude>
    <ClInclude Include="worldTemplate.h">
      <Filter>Header Files\World generation</Filter>
    </ClInclude>
    <ClInclude Include="tileTemplate.h">
      <Filter>Header Files\World generation</Filter>
    </ClInclude>
    <ClInclude Include="body.h">
      <Filter>Header Files</Filter>
    </ClInclude>
    <ClInclude Include="fatherTile.h">
      <Filter>Header Files\Tiles</Filter>
    </ClInclude>
  </ItemGroup>
  <ItemGroup>
    <ResourceCompile Include="Platformer.rc">
      <Filter>Resource Files</Filter>
    </ResourceCompile>
  </ItemGroup>
</Project>