<?xml version="1.0" encoding="utf-8"?>
<Project ToolsVersion="4.0" xmlns="http://schemas.microsoft.com/developer/msbuild/2003">
  <ItemGroup>
    <Filter Include="Source Files">
      <UniqueIdentifier>{4FC737F1-C7A5-4376-A066-2A32D752A2FF}</UniqueIdentifier>
      <Extensions>cpp;c;cc;cxx;def;odl;idl;hpj;bat;asm;asmx</Extensions>
    </Filter>
    <Filter Include="Header Files">
      <UniqueIdentifier>{93995380-89BD-4b04-88EB-625FBE52EBFB}</UniqueIdentifier>
      <Extensions>h;hh;hpp;hxx;hm;inl;inc;xsd</Extensions>
    </Filter>
    <Filter Include="Source Files\Resource Files">
      <UniqueIdentifier>{67DA6AB6-F800-4c08-8B7A-83BB121AAD01}</UniqueIdentifier>
      <Extensions>rc;ico;cur;bmp;dlg;rc2;rct;bin;rgs;gif;jpg;jpeg;jpe;resx;tiff;tif;png;wav;mfcribbon-ms</Extensions>
    </Filter>
  </ItemGroup>
  <ItemGroup>
    <ClInclude Include="errors.h">
      <Filter>Header Files</Filter>
    </ClInclude>
    <ClInclude Include="GLSLProgram.h">
      <Filter>Header Files</Filter>
    </ClInclude>
    <ClInclude Include="GLTexture.h">
      <Filter>Header Files</Filter>
    </ClInclude>
    <ClInclude Include="imageLoader.h">
      <Filter>Header Files</Filter>
    </ClInclude>
    <ClInclude Include="IOManager.h">
      <Filter>Header Files</Filter>
    </ClInclude>
    <ClInclude Include="picoPNG.h">
      <Filter>Header Files</Filter>
    </ClInclude>
    <ClInclude Include="ressourceManager.h">
      <Filter>Header Files</Filter>
    </ClInclude>
    <ClInclude Include="textureCache.h">
      <Filter>Header Files</Filter>
    </ClInclude>
    <ClInclude Include="vertex.h">
      <Filter>Header Files</Filter>
    </ClInclude>
    <ClInclude Include="window.h">
      <Filter>Header Files</Filter>
    </ClInclude>
    <ClInclude Include="gengine.h">
      <Filter>Header Files</Filter>
    </ClInclude>
    <ClInclude Include="camera2D.h">
      <Filter>Header Files</Filter>
    </ClInclude>
    <ClInclude Include="spriteBatch.h">
      <Filter>Header Files</Filter>
    </ClInclude>
    <ClInclude Include="inputManager.h">
      <Filter>Header Files</Filter>
    </ClInclude>
    <ClInclude Include="timing.h">
      <Filter>Header Files</Filter>
    </ClInclude>
    <ClInclude Include="spriteFont.h">
      <Filter>Header Files</Filter>
    </ClInclude>
    <ClInclude Include="audioEngine.h">
      <Filter>Header Files</Filter>
    </ClInclude>
    <ClInclude Include="particleEngine2D.h">
      <Filter>Header Files</Filter>
    </ClInclude>
    <ClInclude Include="particleBatch2D.h">
      <Filter>Header Files</Filter>
    </ClInclude>
    <ClInclude Include="screenList.h">
      <Filter>Header Files</Filter>
    </ClInclude>
    <ClInclude Include="iGameScreen.h">
      <Filter>Header Files</Filter>
    </ClInclude>
    <ClInclude Include="iMainGame.h">
      <Filter>Header Files</Filter>
    </ClInclude>
    <ClInclude Include="debugRenderer.h">
      <Filter>Header Files</Filter>
    </ClInclude>
    <ClInclude Include="spriteSheet.h">
      <Filter>Header Files</Filter>
    </ClInclude>
    <ClInclude Include="animation.h">
      <Filter>Header Files</Filter>
    </ClInclude>
    <ClInclude Include="GUI.h">
      <Filter>Header Files</Filter>
    </ClInclude>
    <ClInclude Include="meshBatch.h">
      <Filter>Header Files</Filter>
    </ClInclude>
  </ItemGroup>
  <ItemGroup>
    <ClCompile Include="errors.cpp">
      <Filter>Source Files</Filter>
    </ClCompile>
    <ClCompile Include="GLSLProgram.cpp">
      <Filter>Source Files</Filter>
    </ClCompile>
    <ClCompile Include="imageLoader.cpp">
      <Filter>Source Files</Filter>
    </ClCompile>
    <ClCompile Include="IOManager.cpp">
      <Filter>Source Files</Filter>
    </ClCompile>
    <ClCompile Include="picoPNG.cpp">
      <Filter>Source Files</Filter>
    </ClCompile>
    <ClCompile Include="ressourceManager.cpp">
      <Filter>Source Files</Filter>
    </ClCompile>
    <ClCompile Include="textureCache.cpp">
      <Filter>Source Files</Filter>
    </ClCompile>
    <ClCompile Include="window.cpp">
      <Filter>Source Files</Filter>
    </ClCompile>
    <ClCompile Include="camera2D.cpp">
      <Filter>Source Files</Filter>
    </ClCompile>
    <ClCompile Include="spriteBatch.cpp">
      <Filter>Source Files</Filter>
    </ClCompile>
    <ClCompile Include="gengine.cpp">
      <Filter>Source Files</Filter>
    </ClCompile>
    <ClCompile Include="inputManager.cpp">
      <Filter>Source Files</Filter>
    </ClCompile>
    <ClCompile Include="timing.cpp">
      <Filter>Source Files</Filter>
    </ClCompile>
    <ClCompile Include="spriteFont.cpp">
      <Filter>Source Files</Filter>
    </ClCompile>
    <ClCompile Include="audioEngine.cpp">
      <Filter>Source Files</Filter>
    </ClCompile>
    <ClCompile Include="particleEngine2D.cpp">
      <Filter>Source Files</Filter>
    </ClCompile>
    <ClCompile Include="particleBatch2D.cpp">
      <Filter>Source Files</Filter>
    </ClCompile>
    <ClCompile Include="iGameScreen.cpp">
      <Filter>Source Files</Filter>
    </ClCompile>
    <ClCompile Include="screenList.cpp">
      <Filter>Source Files</Filter>
    </ClCompile>
    <ClCompile Include="iMainGame.cpp">
      <Filter>Source Files</Filter>
    </ClCompile>
    <ClCompile Include="debugRenderer.cpp">
      <Filter>Source Files</Filter>
    </ClCompile>
    <ClCompile Include="animation.cpp">
      <Filter>Source Files</Filter>
    </ClCompile>
    <ClCompile Include="GUI.cpp">
      <Filter>Source Files</Filter>
    </ClCompile>
    <ClCompile Include="meshBatch.cpp">
      <Filter>Source Files</Filter>
    </ClCompile>
  </ItemGroup>
</Project>